
Microsoft Visual Studio Solution File, Format Version 12.00
# Visual Studio Version 17
VisualStudioVersion = 17.5.33530.505
MinimumVisualStudioVersion = 10.0.40219.1
Project("{FAE04EC0-301F-11D3-BF4B-00C04F79EFBC}") = "Calculator", "Calculator\Calculator.csproj", "{36ED5EB6-F783-4714-8336-C3326DAFF6CA}"
EndProject
Global
	GlobalSection(SolutionConfigurationPlatforms) = preSolution
		Debug|Any CPU = Debug|Any CPU
		Release|Any CPU = Release|Any CPU
	EndGlobalSection
	GlobalSection(ProjectConfigurationPlatforms) = postSolution
		{36ED5EB6-F783-4714-8336-C3326DAFF6CA}.Debug|Any CPU.ActiveCfg = Debug|Any CPU
		{36ED5EB6-F783-4714-8336-C3326DAFF6CA}.Debug|Any CPU.Build.0 = Debug|Any CPU
		{36ED5EB6-F783-4714-8336-C3326DAFF6CA}.Release|Any CPU.ActiveCfg = Release|Any CPU
		{36ED5EB6-F783-4714-8336-C3326DAFF6CA}.Release|Any CPU.Build.0 = Release|Any CPU
	EndGlobalSection
	GlobalSection(SolutionProperties) = preSolution
		HideSolutionNode = FALSE
	EndGlobalSection
	GlobalSection(ExtensibilityGlobals) = postSolution
		SolutionGuid = {B1303742-F4FD-4B6B-85EF-B3ED29B35516}
	EndGlobalSection
EndGlobal
